// !$*UTF8*$!
{
	archiveVersion = 1;
	classes = {
	};
	objectVersion = 50;
	objects = {

/* Begin PBXBuildFile section */
		85CB0F0B251962F200592C13 /* main.c in Sources */ = {isa = PBXBuildFile; fileRef = 85CB0F0A251962F200592C13 /* main.c */; };
/* End PBXBuildFile section */

/* Begin PBXCopyFilesBuildPhase section */
		85E5B8542519619600E2C253 /* CopyFiles */ = {
			isa = PBXCopyFilesBuildPhase;
			buildActionMask = 2147483647;
			dstPath = /usr/share/man/man1/;
			dstSubfolderSpec = 0;
			files = (
			);
			runOnlyForDeploymentPostprocessing = 1;
		};
/* End PBXCopyFilesBuildPhase section */

/* Begin PBXFileReference section */
		8506E95025F25F440058D89D /* jet_mem_test2.c */ = {isa = PBXFileReference; fileEncoding = 4; lastKnownFileType = sourcecode.c.c; path = jet_mem_test2.c; sourceTree = "<group>"; };
		8506E95125F25F440058D89D /* vector.c */ = {isa = PBXFileReference; fileEncoding = 4; lastKnownFileType = sourcecode.c.c; path = vector.c; sourceTree = "<group>"; };
		8506E95225F25F440058D89D /* spvector.c */ = {isa = PBXFileReference; fileEncoding = 4; lastKnownFileType = sourcecode.c.c; path = spvector.c; sourceTree = "<group>"; };
		8506E95325F25F440058D89D /* colls.h */ = {isa = PBXFileReference; fileEncoding = 4; lastKnownFileType = sourcecode.c.h; path = colls.h; sourceTree = "<group>"; };
		8582B37A25422C04000256D0 /* jet_mem.h */ = {isa = PBXFileReference; fileEncoding = 4; lastKnownFileType = sourcecode.c.h; path = jet_mem.h; sourceTree = "<group>"; };
		8582B37B25422C04000256D0 /* emit.h */ = {isa = PBXFileReference; fileEncoding = 4; lastKnownFileType = sourcecode.c.h; path = emit.h; sourceTree = "<group>"; };
		8582B37D25422C05000256D0 /* cse.h */ = {isa = PBXFileReference; fileEncoding = 4; lastKnownFileType = sourcecode.c.h; path = cse.h; sourceTree = "<group>"; };
		8582B37E25422C05000256D0 /* List.h */ = {isa = PBXFileReference; fileEncoding = 4; lastKnownFileType = sourcecode.c.h; path = List.h; sourceTree = "<group>"; };
		8582B37F25422C05000256D0 /* ptr2off.h */ = {isa = PBXFileReference; fileEncoding = 4; lastKnownFileType = sourcecode.c.h; path = ptr2off.h; sourceTree = "<group>"; };
		8582B38025422C05000256D0 /* lint.h */ = {isa = PBXFileReference; fileEncoding = 4; lastKnownFileType = sourcecode.c.h; path = lint.h; sourceTree = "<group>"; };
		8582B38125422C05000256D0 /* analyse.h */ = {isa = PBXFileReference; fileEncoding = 4; lastKnownFileType = sourcecode.c.h; path = analyse.h; sourceTree = "<group>"; };
		85CB0F0A251962F200592C13 /* main.c */ = {isa = PBXFileReference; fileEncoding = 4; lastKnownFileType = sourcecode.c.c; name = main.c; path = ../programs/main.c; sourceTree = "<group>"; };
		85CB0F0E251967D500592C13 /* makeTokens.sh */ = {isa = PBXFileReference; fileEncoding = 4; lastKnownFileType = text.script.sh; path = makeTokens.sh; sourceTree = "<group>"; };
		85CB0F10251967D500592C13 /* types.h */ = {isa = PBXFileReference; fileEncoding = 4; lastKnownFileType = sourcecode.c.h; path = types.h; sourceTree = "<group>"; };
		85CB0F11251967D500592C13 /* jet_mem.c */ = {isa = PBXFileReference; fileEncoding = 4; lastKnownFileType = sourcecode.c.c; path = jet_mem.c; sourceTree = "<group>"; };
		85CB0F13251967D500592C13 /* parse.h */ = {isa = PBXFileReference; fileEncoding = 4; lastKnownFileType = sourcecode.c.h; path = parse.h; sourceTree = "<group>"; };
		85CB0F14251967D500592C13 /* errors.h */ = {isa = PBXFileReference; fileEncoding = 4; lastKnownFileType = sourcecode.c.h; path = errors.h; sourceTree = "<group>"; };
		85CB0F16251967D500592C13 /* TokenKindDefs.h */ = {isa = PBXFileReference; fileEncoding = 4; lastKnownFileType = sourcecode.c.h; path = TokenKindDefs.h; sourceTree = "<group>"; };
		85CB0F17251967D500592C13 /* hash.c */ = {isa = PBXFileReference; fileEncoding = 4; lastKnownFileType = sourcecode.c.c; path = hash.c; sourceTree = "<group>"; };
		85CB0F19251967D500592C13 /* jet_mpi.h */ = {isa = PBXFileReference; fileEncoding = 4; lastKnownFileType = sourcecode.c.h; path = jet_mpi.h; sourceTree = "<group>"; };
		85CB0F1A251967D500592C13 /* jet_util.h */ = {isa = PBXFileReference; fileEncoding = 4; lastKnownFileType = sourcecode.c.h; path = jet_util.h; sourceTree = "<group>"; };
		85CB0F1C251967D500592C13 /* token.h */ = {isa = PBXFileReference; fileEncoding = 4; lastKnownFileType = sourcecode.c.h; path = token.h; sourceTree = "<group>"; };
		85CB0F1D251967D500592C13 /* resolve.h */ = {isa = PBXFileReference; fileEncoding = 4; lastKnownFileType = sourcecode.c.h; path = resolve.h; sourceTree = "<group>"; };
		85CB0F1E251967D500592C13 /* tokenKind.h */ = {isa = PBXFileReference; fileEncoding = 4; lastKnownFileType = sourcecode.c.h; path = tokenKind.h; sourceTree = "<group>"; };
		85CB0F22251967D500592C13 /* stats.h */ = {isa = PBXFileReference; fileEncoding = 4; lastKnownFileType = sourcecode.c.h; path = stats.h; sourceTree = "<group>"; };
		85CB0FEE25196A3100592C13 /* codegen.txt */ = {isa = PBXFileReference; lastKnownFileType = text; path = codegen.txt; sourceTree = "<group>"; };
		85CB0FF025196A3100592C13 /* genrec.h */ = {isa = PBXFileReference; lastKnownFileType = sourcecode.c.h; path = genrec.h; sourceTree = "<group>"; };
		85CB0FF125196A3100592C13 /* os-win.h */ = {isa = PBXFileReference; lastKnownFileType = sourcecode.c.h; path = "os-win.h"; sourceTree = "<group>"; };
		85CB0FF225196A3100592C13 /* enumnames.c */ = {isa = PBXFileReference; lastKnownFileType = sourcecode.c.c; path = enumnames.c; sourceTree = "<group>"; };
		85CB0FF425196A3100592C13 /* colorlistx.txt */ = {isa = PBXFileReference; lastKnownFileType = text; path = colorlistx.txt; sourceTree = "<group>"; };
		85CB0FF525196A3100592C13 /* xmlgen.c */ = {isa = PBXFileReference; lastKnownFileType = sourcecode.c.c; path = xmlgen.c; sourceTree = "<group>"; };
		85CB0FF625196A3100592C13 /* shadow.c */ = {isa = PBXFileReference; lastKnownFileType = sourcecode.c.c; path = shadow.c; sourceTree = "<group>"; };
		85CB0FF725196A3100592C13 /* fx_runtime.c */ = {isa = PBXFileReference; lastKnownFileType = sourcecode.c.c; path = fx_runtime.c; sourceTree = "<group>"; };
		85CB0FF825196A3100592C13 /* colordb.txt */ = {isa = PBXFileReference; lastKnownFileType = text; path = colordb.txt; sourceTree = "<group>"; };
		85CB0FF925196A3100592C13 /* ch.out */ = {isa = PBXFileReference; lastKnownFileType = text; path = ch.out; sourceTree = "<group>"; };
		85CB0FFB25196A3100592C13 /* testcpp.cpp */ = {isa = PBXFileReference; lastKnownFileType = sourcecode.cpp.cpp; path = testcpp.cpp; sourceTree = "<group>"; };
		85CB0FFD25196A3100592C13 /* Filter.hh */ = {isa = PBXFileReference; lastKnownFileType = sourcecode.cpp.h; path = Filter.hh; sourceTree = "<group>"; };
		85CB0FFE25196A3100592C13 /* SArray.hh */ = {isa = PBXFileReference; lastKnownFileType = sourcecode.cpp.h; path = SArray.hh; sourceTree = "<group>"; };
		85CB100025196A3100592C13 /* SliceN.hh */ = {isa = PBXFileReference; lastKnownFileType = sourcecode.cpp.h; path = SliceN.hh; sourceTree = "<group>"; };
		85CB100125196A3100592C13 /* Array.hh */ = {isa = PBXFileReference; lastKnownFileType = sourcecode.cpp.h; path = Array.hh; sourceTree = "<group>"; };
		85CB100225196A3100592C13 /* Selection.hh */ = {isa = PBXFileReference; lastKnownFileType = sourcecode.cpp.h; path = Selection.hh; sourceTree = "<group>"; };
		85CB100325196A3100592C13 /* String.hh */ = {isa = PBXFileReference; lastKnownFileType = sourcecode.cpp.h; path = String.hh; sourceTree = "<group>"; };
		85CB100425196A3100592C13 /* Slice.hh */ = {isa = PBXFileReference; lastKnownFileType = sourcecode.cpp.h; path = Slice.hh; sourceTree = "<group>"; };
		85CB100525196A3100592C13 /* ArrayN.hh */ = {isa = PBXFileReference; lastKnownFileType = sourcecode.cpp.h; path = ArrayN.hh; sourceTree = "<group>"; };
		85CB100725196A3100592C13 /* Fraction.hh */ = {isa = PBXFileReference; lastKnownFileType = sourcecode.cpp.h; path = Fraction.hh; sourceTree = "<group>"; };
		85CB100825196A3100592C13 /* test.cc */ = {isa = PBXFileReference; lastKnownFileType = sourcecode.cpp.cpp; path = test.cc; sourceTree = "<group>"; };
		85CB100925196A3100592C13 /* SString.hh */ = {isa = PBXFileReference; lastKnownFileType = sourcecode.cpp.h; path = SString.hh; sourceTree = "<group>"; };
		85CB100B25196A3100592C13 /* source.zip */ = {isa = PBXFileReference; lastKnownFileType = archive.zip; path = source.zip; sourceTree = "<group>"; };
		85CB100C25196A3100592C13 /* zutest.h */ = {isa = PBXFileReference; lastKnownFileType = sourcecode.c.h; path = zutest.h; sourceTree = "<group>"; };
		85CB100D25196A3100592C13 /* older_source.zip */ = {isa = PBXFileReference; lastKnownFileType = archive.zip; path = older_source.zip; sourceTree = "<group>"; };
		85CB100E25196A3100592C13 /* tp.c */ = {isa = PBXFileReference; lastKnownFileType = sourcecode.c.c; path = tp.c; sourceTree = "<group>"; };
		85CB100F25196A3100592C13 /* nantag.c */ = {isa = PBXFileReference; lastKnownFileType = sourcecode.c.c; path = nantag.c; sourceTree = "<group>"; };
		85CB101125196A3100592C13 /* GArrayN.t */ = {isa = PBXFileReference; lastKnownFileType = text; path = GArrayN.t; sourceTree = "<group>"; };
		85CB101225196A3200592C13 /* GArray.t */ = {isa = PBXFileReference; lastKnownFileType = text; path = GArray.t; sourceTree = "<group>"; };
		85CB101325196A3200592C13 /* GRange.t */ = {isa = PBXFileReference; lastKnownFileType = text; path = GRange.t; sourceTree = "<group>"; };
		85CB101425196A3200592C13 /* GSliceN */ = {isa = PBXFileReference; lastKnownFileType = text; path = GSliceN; sourceTree = "<group>"; };
		85CB101525196A3200592C13 /* GSlice.t */ = {isa = PBXFileReference; lastKnownFileType = text; path = GSlice.t; sourceTree = "<group>"; };
		85CB101625196A3200592C13 /* genrec_test.c */ = {isa = PBXFileReference; lastKnownFileType = sourcecode.c.c; path = genrec_test.c; sourceTree = "<group>"; };
		85CB101825196A3200592C13 /* termcolor-ch */ = {isa = PBXFileReference; lastKnownFileType = text; path = "termcolor-ch"; sourceTree = "<group>"; };
		85CB101925196A3200592C13 /* notes.txt */ = {isa = PBXFileReference; lastKnownFileType = text; path = notes.txt; sourceTree = "<group>"; };
		85CB101A25196A3200592C13 /* xmllex */ = {isa = PBXFileReference; lastKnownFileType = text; path = xmllex; sourceTree = "<group>"; };
		85CB101B25196A3200592C13 /* just */ = {isa = PBXFileReference; lastKnownFileType = text; path = just; sourceTree = "<group>"; };
		85CB101C25196A3200592C13 /* valueflow */ = {isa = PBXFileReference; lastKnownFileType = text; path = valueflow; sourceTree = "<group>"; };
		85CB101E25196A3200592C13 /* recogstr.c */ = {isa = PBXFileReference; lastKnownFileType = sourcecode.c.c; path = recogstr.c; sourceTree = "<group>"; };
		85CB102925196A3200592C13 /* colorlist.txt */ = {isa = PBXFileReference; lastKnownFileType = text; path = colorlist.txt; sourceTree = "<group>"; };
		85CB102B25196A3200592C13 /* ibeta.c */ = {isa = PBXFileReference; lastKnownFileType = sourcecode.c.c; path = ibeta.c; sourceTree = "<group>"; };
		85CB102C25196A3200592C13 /* misc.c */ = {isa = PBXFileReference; lastKnownFileType = sourcecode.c.c; path = misc.c; sourceTree = "<group>"; };
		85CB107B25196A3300592C13 /* finterval.c */ = {isa = PBXFileReference; lastKnownFileType = sourcecode.c.c; path = finterval.c; sourceTree = "<group>"; };
		85E5B8562519619600E2C253 /* jet */ = {isa = PBXFileReference; explicitFileType = "compiled.mach-o.executable"; includeInIndex = 0; path = jet; sourceTree = BUILT_PRODUCTS_DIR; };
		85E7D83025F26120002D66CD /* Control.h */ = {isa = PBXFileReference; fileEncoding = 4; lastKnownFileType = sourcecode.c.h; path = Control.h; sourceTree = "<group>"; };
		85E7D83125F26120002D66CD /* Field.h */ = {isa = PBXFileReference; fileEncoding = 4; lastKnownFileType = sourcecode.c.h; path = Field.h; sourceTree = "<group>"; };
		85E7D83225F26120002D66CD /* Window.h */ = {isa = PBXFileReference; fileEncoding = 4; lastKnownFileType = sourcecode.c.h; path = Window.h; sourceTree = "<group>"; };
		85E7D83325F26120002D66CD /* Button.h */ = {isa = PBXFileReference; fileEncoding = 4; lastKnownFileType = sourcecode.c.h; path = Button.h; sourceTree = "<group>"; };
		85E7D83425F26120002D66CD /* Canvas.h */ = {isa = PBXFileReference; fileEncoding = 4; lastKnownFileType = sourcecode.c.h; path = Canvas.h; sourceTree = "<group>"; };
		85E7D83525F26120002D66CD /* TextArea.h */ = {isa = PBXFileReference; fileEncoding = 4; lastKnownFileType = sourcecode.c.h; path = TextArea.h; sourceTree = "<group>"; };
		85E7D83725F26120002D66CD /* SMTP.h */ = {isa = PBXFileReference; fileEncoding = 4; lastKnownFileType = sourcecode.c.h; path = SMTP.h; sourceTree = "<group>"; };
		85E7D83825F26120002D66CD /* MIME.h */ = {isa = PBXFileReference; fileEncoding = 4; lastKnownFileType = sourcecode.c.h; path = MIME.h; sourceTree = "<group>"; };
		85E7D83925F26120002D66CD /* SCP.h */ = {isa = PBXFileReference; fileEncoding = 4; lastKnownFileType = sourcecode.c.h; path = SCP.h; sourceTree = "<group>"; };
		85E7D83A25F26120002D66CD /* HTTP.h */ = {isa = PBXFileReference; fileEncoding = 4; lastKnownFileType = sourcecode.c.h; path = HTTP.h; sourceTree = "<group>"; };
		85E7D83B25F26120002D66CD /* IMAP.h */ = {isa = PBXFileReference; fileEncoding = 4; lastKnownFileType = sourcecode.c.h; path = IMAP.h; sourceTree = "<group>"; };
		85E7D83C25F26120002D66CD /* FTP.h */ = {isa = PBXFileReference; fileEncoding = 4; lastKnownFileType = sourcecode.c.h; path = FTP.h; sourceTree = "<group>"; };
		85E7D83D25F26120002D66CD /* Remote.h */ = {isa = PBXFileReference; fileEncoding = 4; lastKnownFileType = sourcecode.c.h; path = Remote.h; sourceTree = "<group>"; };
		85E7D83E25F26120002D66CD /* POP.h */ = {isa = PBXFileReference; fileEncoding = 4; lastKnownFileType = sourcecode.c.h; path = POP.h; sourceTree = "<group>"; };
		85E7D83F25F26120002D66CD /* SFTP.h */ = {isa = PBXFileReference; fileEncoding = 4; lastKnownFileType = sourcecode.c.h; path = SFTP.h; sourceTree = "<group>"; };
		85E7D84125F26120002D66CD /* Money.h */ = {isa = PBXFileReference; fileEncoding = 4; lastKnownFileType = sourcecode.c.h; path = Money.h; sourceTree = "<group>"; };
		85E7D84225F26120002D66CD /* Duration.h */ = {isa = PBXFileReference; fileEncoding = 4; lastKnownFileType = sourcecode.c.h; path = Duration.h; sourceTree = "<group>"; };
		85E7D84325F26120002D66CD /* Pool.h */ = {isa = PBXFileReference; fileEncoding = 4; lastKnownFileType = sourcecode.c.h; path = Pool.h; sourceTree = "<group>"; };
		85E7D84425F26120002D66CD /* Date.h */ = {isa = PBXFileReference; fileEncoding = 4; lastKnownFileType = sourcecode.c.h; path = Date.h; sourceTree = "<group>"; };
		85E7D84525F26120002D66CD /* Encoding.h */ = {isa = PBXFileReference; fileEncoding = 4; lastKnownFileType = sourcecode.c.h; path = Encoding.h; sourceTree = "<group>"; };
		85E7D84625F26120002D66CD /* Regex.h */ = {isa = PBXFileReference; fileEncoding = 4; lastKnownFileType = sourcecode.c.h; path = Regex.h; sourceTree = "<group>"; };
		85E7D84725F26120002D66CD /* String.h */ = {isa = PBXFileReference; fileEncoding = 4; lastKnownFileType = sourcecode.c.h; path = String.h; sourceTree = "<group>"; };
		85E7D84825F26120002D66CD /* CString.h */ = {isa = PBXFileReference; fileEncoding = 4; lastKnownFileType = sourcecode.c.h; path = CString.h; sourceTree = "<group>"; };
		85E7D84925F26120002D66CD /* List.h */ = {isa = PBXFileReference; fileEncoding = 4; lastKnownFileType = sourcecode.c.h; path = List.h; sourceTree = "<group>"; };
		85E7D84A25F26120002D66CD /* Dict.h */ = {isa = PBXFileReference; fileEncoding = 4; lastKnownFileType = sourcecode.c.h; path = Dict.h; sourceTree = "<group>"; };
		85E7D84B25F26120002D66CD /* Array.h */ = {isa = PBXFileReference; fileEncoding = 4; lastKnownFileType = sourcecode.c.h; path = Array.h; sourceTree = "<group>"; };
		85E7D84C25F26120002D66CD /* Memory.h */ = {isa = PBXFileReference; fileEncoding = 4; lastKnownFileType = sourcecode.c.h; path = Memory.h; sourceTree = "<group>"; };
		85E7D84D25F26120002D66CD /* KDDict.h */ = {isa = PBXFileReference; fileEncoding = 4; lastKnownFileType = sourcecode.c.h; path = KDDict.h; sourceTree = "<group>"; };
		85E7D84E25F26120002D66CD /* Byte.h */ = {isa = PBXFileReference; fileEncoding = 4; lastKnownFileType = sourcecode.c.h; path = Byte.h; sourceTree = "<group>"; };
		85E7D84F25F26120002D66CD /* Bits.h */ = {isa = PBXFileReference; fileEncoding = 4; lastKnownFileType = sourcecode.c.h; path = Bits.h; sourceTree = "<group>"; };
		85E7D85025F26120002D66CD /* Set.h */ = {isa = PBXFileReference; fileEncoding = 4; lastKnownFileType = sourcecode.c.h; path = Set.h; sourceTree = "<group>"; };
		85E7D85125F26120002D66CD /* include.h */ = {isa = PBXFileReference; fileEncoding = 4; lastKnownFileType = sourcecode.c.h; path = include.h; sourceTree = "<group>"; };
		85E7D85325F26120002D66CD /* KDTree.h */ = {isa = PBXFileReference; fileEncoding = 4; lastKnownFileType = sourcecode.c.h; path = KDTree.h; sourceTree = "<group>"; };
		85E7D85425F26120002D66CD /* SpVector.h */ = {isa = PBXFileReference; fileEncoding = 4; lastKnownFileType = sourcecode.c.h; path = SpVector.h; sourceTree = "<group>"; };
		85E7D85525F26120002D66CD /* Rational.h */ = {isa = PBXFileReference; fileEncoding = 4; lastKnownFileType = sourcecode.c.h; path = Rational.h; sourceTree = "<group>"; };
		85E7D85625F26120002D66CD /* Slice.h */ = {isa = PBXFileReference; fileEncoding = 4; lastKnownFileType = sourcecode.c.h; path = Slice.h; sourceTree = "<group>"; };
		85E7D85725F26120002D66CD /* Matrix.h */ = {isa = PBXFileReference; fileEncoding = 4; lastKnownFileType = sourcecode.c.h; path = Matrix.h; sourceTree = "<group>"; };
		85E7D85825F26120002D66CD /* Number.h */ = {isa = PBXFileReference; fileEncoding = 4; lastKnownFileType = sourcecode.c.h; path = Number.h; sourceTree = "<group>"; };
		85E7D85925F26120002D66CD /* Vector.h */ = {isa = PBXFileReference; fileEncoding = 4; lastKnownFileType = sourcecode.c.h; path = Vector.h; sourceTree = "<group>"; };
		85E7D85A25F26120002D66CD /* Filter.h */ = {isa = PBXFileReference; fileEncoding = 4; lastKnownFileType = sourcecode.c.h; path = Filter.h; sourceTree = "<group>"; };
		85E7D85B25F26120002D66CD /* Tensor.h */ = {isa = PBXFileReference; fileEncoding = 4; lastKnownFileType = sourcecode.c.h; path = Tensor.h; sourceTree = "<group>"; };
		85E7D85C25F26120002D66CD /* Complex.h */ = {isa = PBXFileReference; fileEncoding = 4; lastKnownFileType = sourcecode.c.h; path = Complex.h; sourceTree = "<group>"; };
		85E7D85D25F26120002D66CD /* random.h */ = {isa = PBXFileReference; fileEncoding = 4; lastKnownFileType = sourcecode.c.h; path = random.h; sourceTree = "<group>"; };
		85E7D85E25F26120002D66CD /* Interval.h */ = {isa = PBXFileReference; fileEncoding = 4; lastKnownFileType = sourcecode.c.h; path = Interval.h; sourceTree = "<group>"; };
		85E7D85F25F26120002D66CD /* runtime.h */ = {isa = PBXFileReference; fileEncoding = 4; lastKnownFileType = sourcecode.c.h; path = runtime.h; sourceTree = "<group>"; };
		85E7D86125F26120002D66CD /* strcasecmp.h */ = {isa = PBXFileReference; fileEncoding = 4; lastKnownFileType = sourcecode.c.h; path = strcasecmp.h; sourceTree = "<group>"; };
		85E7D86325F26120002D66CD /* coverage.h */ = {isa = PBXFileReference; fileEncoding = 4; lastKnownFileType = sourcecode.c.h; path = coverage.h; sourceTree = "<group>"; };
		85E7D86425F26120002D66CD /* errors.h */ = {isa = PBXFileReference; fileEncoding = 4; lastKnownFileType = sourcecode.c.h; path = errors.h; sourceTree = "<group>"; };
		85E7D86525F26120002D66CD /* deref.h */ = {isa = PBXFileReference; fileEncoding = 4; lastKnownFileType = sourcecode.c.h; path = deref.h; sourceTree = "<group>"; };
		85E7D86625F26120002D66CD /* check.h */ = {isa = PBXFileReference; fileEncoding = 4; lastKnownFileType = sourcecode.c.h; path = check.h; sourceTree = "<group>"; };
		85E7D86725F26120002D66CD /* stack.h */ = {isa = PBXFileReference; fileEncoding = 4; lastKnownFileType = sourcecode.c.h; path = stack.h; sourceTree = "<group>"; };
		85E7D86825F26120002D66CD /* profiler.h */ = {isa = PBXFileReference; fileEncoding = 4; lastKnownFileType = sourcecode.c.h; path = profiler.h; sourceTree = "<group>"; };
		85E7D86A25F26120002D66CD /* File.h */ = {isa = PBXFileReference; fileEncoding = 4; lastKnownFileType = sourcecode.c.h; path = File.h; sourceTree = "<group>"; };
		85E7D86B25F26120002D66CD /* async.h */ = {isa = PBXFileReference; fileEncoding = 4; lastKnownFileType = sourcecode.c.h; path = async.h; sourceTree = "<group>"; };
		85E7D86C25F26120002D66CD /* Thread.h */ = {isa = PBXFileReference; fileEncoding = 4; lastKnownFileType = sourcecode.c.h; path = Thread.h; sourceTree = "<group>"; };
		85E7D86D25F26120002D66CD /* Pipe.h */ = {isa = PBXFileReference; fileEncoding = 4; lastKnownFileType = sourcecode.c.h; path = Pipe.h; sourceTree = "<group>"; };
		85E7D86E25F26120002D66CD /* Process.h */ = {isa = PBXFileReference; fileEncoding = 4; lastKnownFileType = sourcecode.c.h; path = Process.h; sourceTree = "<group>"; };
		85E7D86F25F26120002D66CD /* Socket.h */ = {isa = PBXFileReference; fileEncoding = 4; lastKnownFileType = sourcecode.c.h; path = Socket.h; sourceTree = "<group>"; };
		85E7D87025F26120002D66CD /* clock.h */ = {isa = PBXFileReference; fileEncoding = 4; lastKnownFileType = sourcecode.c.h; path = clock.h; sourceTree = "<group>"; };
		85E7D87125F26120002D66CD /* Ticks.h */ = {isa = PBXFileReference; fileEncoding = 4; lastKnownFileType = sourcecode.c.h; path = Ticks.h; sourceTree = "<group>"; };
		85E7D87225F26120002D66CD /* Team.h */ = {isa = PBXFileReference; fileEncoding = 4; lastKnownFileType = sourcecode.c.h; path = Team.h; sourceTree = "<group>"; };
		85E7D87425F26120002D66CD /* HTML.h */ = {isa = PBXFileReference; fileEncoding = 4; lastKnownFileType = sourcecode.c.h; path = HTML.h; sourceTree = "<group>"; };
		85E7D87525F26120002D66CD /* XML.h */ = {isa = PBXFileReference; fileEncoding = 4; lastKnownFileType = sourcecode.c.h; path = XML.h; sourceTree = "<group>"; };
		85E7D87625F26120002D66CD /* JSON.h */ = {isa = PBXFileReference; fileEncoding = 4; lastKnownFileType = sourcecode.c.h; path = JSON.h; sourceTree = "<group>"; };
		85E7D87725F26120002D66CD /* YAML.h */ = {isa = PBXFileReference; fileEncoding = 4; lastKnownFileType = sourcecode.c.h; path = YAML.h; sourceTree = "<group>"; };
		85E7D87925F26120002D66CD /* Point.h */ = {isa = PBXFileReference; fileEncoding = 4; lastKnownFileType = sourcecode.c.h; path = Point.h; sourceTree = "<group>"; };
		85E7D87A25F26120002D66CD /* Colour.h */ = {isa = PBXFileReference; fileEncoding = 4; lastKnownFileType = sourcecode.c.h; path = Colour.h; sourceTree = "<group>"; };
		85E7D87B25F26120002D66CD /* Audio.h */ = {isa = PBXFileReference; fileEncoding = 4; lastKnownFileType = sourcecode.c.h; path = Audio.h; sourceTree = "<group>"; };
		85E7D87C25F26120002D66CD /* GUI.h */ = {isa = PBXFileReference; fileEncoding = 4; lastKnownFileType = sourcecode.c.h; path = GUI.h; sourceTree = "<group>"; };
		85E7D87D25F26120002D66CD /* Video.h */ = {isa = PBXFileReference; fileEncoding = 4; lastKnownFileType = sourcecode.c.h; path = Video.h; sourceTree = "<group>"; };
		85E7D87E25F26120002D66CD /* Image.h */ = {isa = PBXFileReference; fileEncoding = 4; lastKnownFileType = sourcecode.c.h; path = Image.h; sourceTree = "<group>"; };
		85E7D87F25F26120002D66CD /* PDF.h */ = {isa = PBXFileReference; fileEncoding = 4; lastKnownFileType = sourcecode.c.h; path = PDF.h; sourceTree = "<group>"; };
		85E7D88025F26120002D66CD /* base.h */ = {isa = PBXFileReference; fileEncoding = 4; lastKnownFileType = sourcecode.c.h; path = base.h; sourceTree = "<group>"; };
		85EBE74D25437F9F00A394B0 /* TestPlan.xctestplan */ = {isa = PBXFileReference; lastKnownFileType = text; path = TestPlan.xctestplan; sourceTree = "<group>"; };
/* End PBXFileReference section */

/* Begin PBXFrameworksBuildPhase section */
		85E5B8532519619600E2C253 /* Frameworks */ = {
			isa = PBXFrameworksBuildPhase;
			buildActionMask = 2147483647;
			files = (
			);
			runOnlyForDeploymentPostprocessing = 0;
		};
/* End PBXFrameworksBuildPhase section */

/* Begin PBXGroup section */
		85CB0F0C251967D500592C13 /* modules */ = {
			isa = PBXGroup;
			children = (
				8582B38125422C05000256D0 /* analyse.h */,
				8506E95325F25F440058D89D /* colls.h */,
				8582B37D25422C05000256D0 /* cse.h */,
				8582B37B25422C04000256D0 /* emit.h */,
				85CB0F14251967D500592C13 /* errors.h */,
				85CB0F17251967D500592C13 /* hash.c */,
				8506E95025F25F440058D89D /* jet_mem_test2.c */,
				85CB0F11251967D500592C13 /* jet_mem.c */,
				8582B37A25422C04000256D0 /* jet_mem.h */,
				85CB0F19251967D500592C13 /* jet_mpi.h */,
				85CB0F1A251967D500592C13 /* jet_util.h */,
				8582B38025422C05000256D0 /* lint.h */,
				8582B37E25422C05000256D0 /* List.h */,
				85CB0F0E251967D500592C13 /* makeTokens.sh */,
				85CB0F13251967D500592C13 /* parse.h */,
				8582B37F25422C05000256D0 /* ptr2off.h */,
				85CB0F1D251967D500592C13 /* resolve.h */,
				8506E95225F25F440058D89D /* spvector.c */,
				85CB0F22251967D500592C13 /* stats.h */,
				85CB0F1C251967D500592C13 /* token.h */,
				85CB0F1E251967D500592C13 /* tokenKind.h */,
				85CB0F16251967D500592C13 /* TokenKindDefs.h */,
				85CB0F10251967D500592C13 /* types.h */,
				8506E95125F25F440058D89D /* vector.c */,
			);
			name = modules;
			path = ../modules;
			sourceTree = "<group>";
		};
		85CB0FED25196A3100592C13 /* scratch */ = {
			isa = PBXGroup;
			children = (
				85CB0FEE25196A3100592C13 /* codegen.txt */,
				85CB0FF025196A3100592C13 /* genrec.h */,
				85CB0FF125196A3100592C13 /* os-win.h */,
				85CB0FF225196A3100592C13 /* enumnames.c */,
				85CB0FF425196A3100592C13 /* colorlistx.txt */,
				85CB0FF525196A3100592C13 /* xmlgen.c */,
				85CB0FF625196A3100592C13 /* shadow.c */,
				85CB0FF725196A3100592C13 /* fx_runtime.c */,
				85CB0FF825196A3100592C13 /* colordb.txt */,
				85CB0FF925196A3100592C13 /* ch.out */,
				85CB0FFB25196A3100592C13 /* testcpp.cpp */,
				85CB0FFC25196A3100592C13 /* std */,
				85CB100A25196A3100592C13 /* old */,
				85CB100E25196A3100592C13 /* tp.c */,
				85CB100F25196A3100592C13 /* nantag.c */,
				85CB101025196A3100592C13 /* stdc */,
				85CB101625196A3200592C13 /* genrec_test.c */,
				85CB101725196A3200592C13 /* notes */,
				85CB101E25196A3200592C13 /* recogstr.c */,
				85CB102925196A3200592C13 /* colorlist.txt */,
				85CB102B25196A3200592C13 /* ibeta.c */,
				85CB102C25196A3200592C13 /* misc.c */,
				85CB107B25196A3300592C13 /* finterval.c */,
			);
			name = scratch;
			path = ../scratch;
			sourceTree = "<group>";
		};
		85CB0FFC25196A3100592C13 /* std */ = {
			isa = PBXGroup;
			children = (
				85CB0FFD25196A3100592C13 /* Filter.hh */,
				85CB0FFE25196A3100592C13 /* SArray.hh */,
				85CB100025196A3100592C13 /* SliceN.hh */,
				85CB100125196A3100592C13 /* Array.hh */,
				85CB100225196A3100592C13 /* Selection.hh */,
				85CB100325196A3100592C13 /* String.hh */,
				85CB100425196A3100592C13 /* Slice.hh */,
				85CB100525196A3100592C13 /* ArrayN.hh */,
				85CB100725196A3100592C13 /* Fraction.hh */,
				85CB100825196A3100592C13 /* test.cc */,
				85CB100925196A3100592C13 /* SString.hh */,
			);
			path = std;
			sourceTree = "<group>";
		};
		85CB100A25196A3100592C13 /* old */ = {
			isa = PBXGroup;
			children = (
				85CB100B25196A3100592C13 /* source.zip */,
				85CB100C25196A3100592C13 /* zutest.h */,
				85CB100D25196A3100592C13 /* older_source.zip */,
			);
			path = old;
			sourceTree = "<group>";
		};
		85CB101025196A3100592C13 /* stdc */ = {
			isa = PBXGroup;
			children = (
				85CB101125196A3100592C13 /* GArrayN.t */,
				85CB101225196A3200592C13 /* GArray.t */,
				85CB101325196A3200592C13 /* GRange.t */,
				85CB101425196A3200592C13 /* GSliceN */,
				85CB101525196A3200592C13 /* GSlice.t */,
			);
			path = stdc;
			sourceTree = "<group>";
		};
		85CB101725196A3200592C13 /* notes */ = {
			isa = PBXGroup;
			children = (
				85CB101825196A3200592C13 /* termcolor-ch */,
				85CB101925196A3200592C13 /* notes.txt */,
				85CB101A25196A3200592C13 /* xmllex */,
				85CB101B25196A3200592C13 /* just */,
				85CB101C25196A3200592C13 /* valueflow */,
			);
			path = notes;
			sourceTree = "<group>";
		};
		85E5B84D2519619500E2C253 = {
			isa = PBXGroup;
			children = (
				85E7D82D25F26120002D66CD /* engine */,
				85CB0F0A251962F200592C13 /* main.c */,
				85CB0F0C251967D500592C13 /* modules */,
				85E5B8572519619600E2C253 /* Products */,
				85CB0FED25196A3100592C13 /* scratch */,
				85EBE74D25437F9F00A394B0 /* TestPlan.xctestplan */,
			);
			sourceTree = "<group>";
		};
		85E5B8572519619600E2C253 /* Products */ = {
			isa = PBXGroup;
			children = (
				85E5B8562519619600E2C253 /* jet */,
			);
			name = Products;
			sourceTree = "<group>";
		};
		85E7D82D25F26120002D66CD /* engine */ = {
			isa = PBXGroup;
			children = (
				85E7D82E25F26120002D66CD /* jet */,
			);
			name = engine;
			path = ../engine;
			sourceTree = "<group>";
		};
		85E7D82E25F26120002D66CD /* jet */ = {
			isa = PBXGroup;
			children = (
				85E7D82F25F26120002D66CD /* ui */,
				85E7D83625F26120002D66CD /* net */,
				85E7D84025F26120002D66CD /* core */,
				85E7D85125F26120002D66CD /* include.h */,
				85E7D85225F26120002D66CD /* math */,
				85E7D85F25F26120002D66CD /* runtime.h */,
				85E7D86025F26120002D66CD /* _ext */,
				85E7D86225F26120002D66CD /* _rt */,
				85E7D86925F26120002D66CD /* os */,
				85E7D87325F26120002D66CD /* data */,
				85E7D87825F26120002D66CD /* gfx */,
				85E7D88025F26120002D66CD /* base.h */,
			);
			path = jet;
			sourceTree = "<group>";
		};
		85E7D82F25F26120002D66CD /* ui */ = {
			isa = PBXGroup;
			children = (
				85E7D83025F26120002D66CD /* Control.h */,
				85E7D83125F26120002D66CD /* Field.h */,
				85E7D83225F26120002D66CD /* Window.h */,
				85E7D83325F26120002D66CD /* Button.h */,
				85E7D83425F26120002D66CD /* Canvas.h */,
				85E7D83525F26120002D66CD /* TextArea.h */,
			);
			path = ui;
			sourceTree = "<group>";
		};
		85E7D83625F26120002D66CD /* net */ = {
			isa = PBXGroup;
			children = (
				85E7D83725F26120002D66CD /* SMTP.h */,
				85E7D83825F26120002D66CD /* MIME.h */,
				85E7D83925F26120002D66CD /* SCP.h */,
				85E7D83A25F26120002D66CD /* HTTP.h */,
				85E7D83B25F26120002D66CD /* IMAP.h */,
				85E7D83C25F26120002D66CD /* FTP.h */,
				85E7D83D25F26120002D66CD /* Remote.h */,
				85E7D83E25F26120002D66CD /* POP.h */,
				85E7D83F25F26120002D66CD /* SFTP.h */,
			);
			path = net;
			sourceTree = "<group>";
		};
		85E7D84025F26120002D66CD /* core */ = {
			isa = PBXGroup;
			children = (
				85E7D84125F26120002D66CD /* Money.h */,
				85E7D84225F26120002D66CD /* Duration.h */,
				85E7D84325F26120002D66CD /* Pool.h */,
				85E7D84425F26120002D66CD /* Date.h */,
				85E7D84525F26120002D66CD /* Encoding.h */,
				85E7D84625F26120002D66CD /* Regex.h */,
				85E7D84725F26120002D66CD /* String.h */,
				85E7D84825F26120002D66CD /* CString.h */,
				85E7D84925F26120002D66CD /* List.h */,
				85E7D84A25F26120002D66CD /* Dict.h */,
				85E7D84B25F26120002D66CD /* Array.h */,
				85E7D84C25F26120002D66CD /* Memory.h */,
				85E7D84D25F26120002D66CD /* KDDict.h */,
				85E7D84E25F26120002D66CD /* Byte.h */,
				85E7D84F25F26120002D66CD /* Bits.h */,
				85E7D85025F26120002D66CD /* Set.h */,
			);
			path = core;
			sourceTree = "<group>";
		};
		85E7D85225F26120002D66CD /* math */ = {
			isa = PBXGroup;
			children = (
				85E7D85325F26120002D66CD /* KDTree.h */,
				85E7D85425F26120002D66CD /* SpVector.h */,
				85E7D85525F26120002D66CD /* Rational.h */,
				85E7D85625F26120002D66CD /* Slice.h */,
				85E7D85725F26120002D66CD /* Matrix.h */,
				85E7D85825F26120002D66CD /* Number.h */,
				85E7D85925F26120002D66CD /* Vector.h */,
				85E7D85A25F26120002D66CD /* Filter.h */,
				85E7D85B25F26120002D66CD /* Tensor.h */,
				85E7D85C25F26120002D66CD /* Complex.h */,
				85E7D85D25F26120002D66CD /* random.h */,
				85E7D85E25F26120002D66CD /* Interval.h */,
			);
			path = math;
			sourceTree = "<group>";
		};
		85E7D86025F26120002D66CD /* _ext */ = {
			isa = PBXGroup;
			children = (
				85E7D86125F26120002D66CD /* strcasecmp.h */,
			);
			path = _ext;
			sourceTree = "<group>";
		};
		85E7D86225F26120002D66CD /* _rt */ = {
			isa = PBXGroup;
			children = (
				85E7D86325F26120002D66CD /* coverage.h */,
				85E7D86425F26120002D66CD /* errors.h */,
				85E7D86525F26120002D66CD /* deref.h */,
				85E7D86625F26120002D66CD /* check.h */,
				85E7D86725F26120002D66CD /* stack.h */,
				85E7D86825F26120002D66CD /* profiler.h */,
			);
			path = _rt;
			sourceTree = "<group>";
		};
		85E7D86925F26120002D66CD /* os */ = {
			isa = PBXGroup;
			children = (
				85E7D86A25F26120002D66CD /* File.h */,
				85E7D86B25F26120002D66CD /* async.h */,
				85E7D86C25F26120002D66CD /* Thread.h */,
				85E7D86D25F26120002D66CD /* Pipe.h */,
				85E7D86E25F26120002D66CD /* Process.h */,
				85E7D86F25F26120002D66CD /* Socket.h */,
				85E7D87025F26120002D66CD /* clock.h */,
				85E7D87125F26120002D66CD /* Ticks.h */,
				85E7D87225F26120002D66CD /* Team.h */,
			);
			path = os;
			sourceTree = "<group>";
		};
		85E7D87325F26120002D66CD /* data */ = {
			isa = PBXGroup;
			children = (
				85E7D87425F26120002D66CD /* HTML.h */,
				85E7D87525F26120002D66CD /* XML.h */,
				85E7D87625F26120002D66CD /* JSON.h */,
				85E7D87725F26120002D66CD /* YAML.h */,
			);
			path = data;
			sourceTree = "<group>";
		};
		85E7D87825F26120002D66CD /* gfx */ = {
			isa = PBXGroup;
			children = (
				85E7D87925F26120002D66CD /* Point.h */,
				85E7D87A25F26120002D66CD /* Colour.h */,
				85E7D87B25F26120002D66CD /* Audio.h */,
				85E7D87C25F26120002D66CD /* GUI.h */,
				85E7D87D25F26120002D66CD /* Video.h */,
				85E7D87E25F26120002D66CD /* Image.h */,
				85E7D87F25F26120002D66CD /* PDF.h */,
			);
			path = gfx;
			sourceTree = "<group>";
		};
/* End PBXGroup section */

/* Begin PBXNativeTarget section */
		85E5B8552519619600E2C253 /* jet */ = {
			isa = PBXNativeTarget;
			buildConfigurationList = 85E5B85D2519619600E2C253 /* Build configuration list for PBXNativeTarget "jet" */;
			buildPhases = (
				85E5B8522519619600E2C253 /* Sources */,
				85E5B8532519619600E2C253 /* Frameworks */,
				85E5B8542519619600E2C253 /* CopyFiles */,
			);
			buildRules = (
			);
			dependencies = (
			);
			name = jet;
			productName = jet;
			productReference = 85E5B8562519619600E2C253 /* jet */;
			productType = "com.apple.product-type.tool";
		};
/* End PBXNativeTarget section */

/* Begin PBXProject section */
		85E5B84E2519619500E2C253 /* Project object */ = {
			isa = PBXProject;
			attributes = {
				LastUpgradeCheck = 1200;
				TargetAttributes = {
					85E5B8552519619600E2C253 = {
						CreatedOnToolsVersion = 12.0;
					};
				};
			};
			buildConfigurationList = 85E5B8512519619500E2C253 /* Build configuration list for PBXProject "jet" */;
			compatibilityVersion = "Xcode 9.3";
			developmentRegion = en;
			hasScannedForEncodings = 0;
			knownRegions = (
				en,
				Base,
			);
			mainGroup = 85E5B84D2519619500E2C253;
			productRefGroup = 85E5B8572519619600E2C253 /* Products */;
			projectDirPath = "";
			projectRoot = "";
			targets = (
				85E5B8552519619600E2C253 /* jet */,
			);
		};
/* End PBXProject section */

/* Begin PBXSourcesBuildPhase section */
		85E5B8522519619600E2C253 /* Sources */ = {
			isa = PBXSourcesBuildPhase;
			buildActionMask = 2147483647;
			files = (
				85CB0F0B251962F200592C13 /* main.c in Sources */,
			);
			runOnlyForDeploymentPostprocessing = 0;
		};
/* End PBXSourcesBuildPhase section */

/* Begin XCBuildConfiguration section */
		85E5B85B2519619600E2C253 /* Debug */ = {
			isa = XCBuildConfiguration;
			buildSettings = {
				ALWAYS_SEARCH_USER_PATHS = NO;
				CLANG_ANALYZER_NONNULL = YES;
				CLANG_ANALYZER_NUMBER_OBJECT_CONVERSION = YES_AGGRESSIVE;
				CLANG_CXX_LANGUAGE_STANDARD = "c++98";
				CLANG_CXX_LIBRARY = "libc++";
				CLANG_ENABLE_MODULES = YES;
				CLANG_ENABLE_OBJC_ARC = YES;
				CLANG_ENABLE_OBJC_WEAK = YES;
				CLANG_WARN_BLOCK_CAPTURE_AUTORELEASING = YES;
				CLANG_WARN_BOOL_CONVERSION = YES;
				CLANG_WARN_COMMA = YES;
				CLANG_WARN_CONSTANT_CONVERSION = YES;
				CLANG_WARN_DEPRECATED_OBJC_IMPLEMENTATIONS = YES;
				CLANG_WARN_DIRECT_OBJC_ISA_USAGE = YES_ERROR;
				CLANG_WARN_DOCUMENTATION_COMMENTS = YES;
				CLANG_WARN_EMPTY_BODY = YES;
				CLANG_WARN_ENUM_CONVERSION = YES;
				CLANG_WARN_INFINITE_RECURSION = YES;
				CLANG_WARN_INT_CONVERSION = YES;
				CLANG_WARN_NON_LITERAL_NULL_CONVERSION = YES;
				CLANG_WARN_OBJC_IMPLICIT_RETAIN_SELF = YES;
				CLANG_WARN_OBJC_LITERAL_CONVERSION = YES;
				CLANG_WARN_OBJC_ROOT_CLASS = YES_ERROR;
				CLANG_WARN_QUOTED_INCLUDE_IN_FRAMEWORK_HEADER = YES;
				CLANG_WARN_RANGE_LOOP_ANALYSIS = YES;
				CLANG_WARN_STRICT_PROTOTYPES = YES;
				CLANG_WARN_SUSPICIOUS_MOVE = YES;
				CLANG_WARN_UNGUARDED_AVAILABILITY = YES_AGGRESSIVE;
				CLANG_WARN_UNREACHABLE_CODE = YES;
				CLANG_WARN__DUPLICATE_METHOD_MATCH = YES;
				COPY_PHASE_STRIP = NO;
				DEBUG_INFORMATION_FORMAT = dwarf;
				ENABLE_STRICT_OBJC_MSGSEND = YES;
				ENABLE_TESTABILITY = YES;
				GCC_C_LANGUAGE_STANDARD = c11;
				GCC_DYNAMIC_NO_PIC = NO;
				GCC_NO_COMMON_BLOCKS = YES;
				GCC_OPTIMIZATION_LEVEL = 0;
				GCC_PREPROCESSOR_DEFINITIONS = (
					"DEBUG=1",
					"$(inherited)",
				);
				GCC_WARN_64_TO_32_BIT_CONVERSION = YES;
				GCC_WARN_ABOUT_RETURN_TYPE = YES_ERROR;
				GCC_WARN_UNDECLARED_SELECTOR = YES;
				GCC_WARN_UNINITIALIZED_AUTOS = YES_AGGRESSIVE;
				GCC_WARN_UNUSED_FUNCTION = YES;
				GCC_WARN_UNUSED_VARIABLE = YES;
				MACOSX_DEPLOYMENT_TARGET = 10.15;
				MTL_ENABLE_DEBUG_INFO = INCLUDE_SOURCE;
				MTL_FAST_MATH = YES;
				ONLY_ACTIVE_ARCH = YES;
				SDKROOT = macosx;
			};
			name = Debug;
		};
		85E5B85C2519619600E2C253 /* Release */ = {
			isa = XCBuildConfiguration;
			buildSettings = {
				ALWAYS_SEARCH_USER_PATHS = NO;
				CLANG_ANALYZER_NONNULL = YES;
				CLANG_ANALYZER_NUMBER_OBJECT_CONVERSION = YES_AGGRESSIVE;
				CLANG_CXX_LANGUAGE_STANDARD = "c++98";
				CLANG_CXX_LIBRARY = "libc++";
				CLANG_ENABLE_MODULES = YES;
				CLANG_ENABLE_OBJC_ARC = YES;
				CLANG_ENABLE_OBJC_WEAK = YES;
				CLANG_WARN_BLOCK_CAPTURE_AUTORELEASING = YES;
				CLANG_WARN_BOOL_CONVERSION = YES;
				CLANG_WARN_COMMA = YES;
				CLANG_WARN_CONSTANT_CONVERSION = YES;
				CLANG_WARN_DEPRECATED_OBJC_IMPLEMENTATIONS = YES;
				CLANG_WARN_DIRECT_OBJC_ISA_USAGE = YES_ERROR;
				CLANG_WARN_DOCUMENTATION_COMMENTS = YES;
				CLANG_WARN_EMPTY_BODY = YES;
				CLANG_WARN_ENUM_CONVERSION = YES;
				CLANG_WARN_INFINITE_RECURSION = YES;
				CLANG_WARN_INT_CONVERSION = YES;
				CLANG_WARN_NON_LITERAL_NULL_CONVERSION = YES;
				CLANG_WARN_OBJC_IMPLICIT_RETAIN_SELF = YES;
				CLANG_WARN_OBJC_LITERAL_CONVERSION = YES;
				CLANG_WARN_OBJC_ROOT_CLASS = YES_ERROR;
				CLANG_WARN_QUOTED_INCLUDE_IN_FRAMEWORK_HEADER = YES;
				CLANG_WARN_RANGE_LOOP_ANALYSIS = YES;
				CLANG_WARN_STRICT_PROTOTYPES = YES;
				CLANG_WARN_SUSPICIOUS_MOVE = YES;
				CLANG_WARN_UNGUARDED_AVAILABILITY = YES_AGGRESSIVE;
				CLANG_WARN_UNREACHABLE_CODE = YES;
				CLANG_WARN__DUPLICATE_METHOD_MATCH = YES;
				COPY_PHASE_STRIP = NO;
				DEBUG_INFORMATION_FORMAT = "dwarf-with-dsym";
				ENABLE_NS_ASSERTIONS = NO;
				ENABLE_STRICT_OBJC_MSGSEND = YES;
				GCC_C_LANGUAGE_STANDARD = c11;
				GCC_NO_COMMON_BLOCKS = YES;
				GCC_WARN_64_TO_32_BIT_CONVERSION = YES;
				GCC_WARN_ABOUT_RETURN_TYPE = YES_ERROR;
				GCC_WARN_UNDECLARED_SELECTOR = YES;
				GCC_WARN_UNINITIALIZED_AUTOS = YES_AGGRESSIVE;
				GCC_WARN_UNUSED_FUNCTION = YES;
				GCC_WARN_UNUSED_VARIABLE = YES;
				MACOSX_DEPLOYMENT_TARGET = 10.15;
				MTL_ENABLE_DEBUG_INFO = NO;
				MTL_FAST_MATH = YES;
				SDKROOT = macosx;
			};
			name = Release;
		};
		85E5B85E2519619600E2C253 /* Debug */ = {
			isa = XCBuildConfiguration;
			buildSettings = {
				CLANG_ANALYZER_SECURITY_INSECUREAPI_STRCPY = YES;
				CLANG_CXX_LANGUAGE_STANDARD = "c++98";
				CLANG_STATIC_ANALYZER_MODE = deep;
				CODE_SIGN_IDENTITY = "-";
				CODE_SIGN_STYLE = Automatic;
				DEVELOPMENT_TEAM = H856W5959T;
				GCC_C_LANGUAGE_STANDARD = c99;
				GCC_ENABLE_CPP_EXCEPTIONS = NO;
				GCC_ENABLE_CPP_RTTI = NO;
				GCC_LINK_WITH_DYNAMIC_LIBRARIES = YES;
				GCC_UNROLL_LOOPS = YES;
				"HEADER_SEARCH_PATHS[arch=*]" = (
					../modules,
					../engine,
				);
				LLVM_LTO = NO;
				MACOSX_DEPLOYMENT_TARGET = 10.15;
				PRODUCT_NAME = "$(TARGET_NAME)";
				RUN_CLANG_STATIC_ANALYZER = YES;
			};
			name = Debug;
		};
		85E5B85F2519619600E2C253 /* Release */ = {
			isa = XCBuildConfiguration;
			buildSettings = {
				CLANG_ANALYZER_SECURITY_INSECUREAPI_STRCPY = YES;
				CLANG_CXX_LANGUAGE_STANDARD = "c++98";
				CLANG_STATIC_ANALYZER_MODE = deep;
				CODE_SIGN_IDENTITY = "-";
				CODE_SIGN_STYLE = Automatic;
				DEVELOPMENT_TEAM = H856W5959T;
				GCC_C_LANGUAGE_STANDARD = c99;
				GCC_ENABLE_CPP_EXCEPTIONS = NO;
				GCC_ENABLE_CPP_RTTI = NO;
				GCC_GENERATE_DEBUGGING_SYMBOLS = NO;
				GCC_LINK_WITH_DYNAMIC_LIBRARIES = YES;
				GCC_UNROLL_LOOPS = YES;
				"HEADER_SEARCH_PATHS[arch=*]" = (
					../modules,
					../engine,
				);
				LLVM_LTO = YES;
				MACOSX_DEPLOYMENT_TARGET = 10.15;
				PRODUCT_NAME = "$(TARGET_NAME)";
				RUN_CLANG_STATIC_ANALYZER = YES;
			};
			name = Release;
		};
/* End XCBuildConfiguration section */

/* Begin XCConfigurationList section */
		85E5B8512519619500E2C253 /* Build configuration list for PBXProject "jet" */ = {
			isa = XCConfigurationList;
			buildConfigurations = (
				85E5B85B2519619600E2C253 /* Debug */,
				85E5B85C2519619600E2C253 /* Release */,
			);
			defaultConfigurationIsVisible = 0;
			defaultConfigurationName = Release;
		};
		85E5B85D2519619600E2C253 /* Build configuration list for PBXNativeTarget "jet" */ = {
			isa = XCConfigurationList;
			buildConfigurations = (
				85E5B85E2519619600E2C253 /* Debug */,
				85E5B85F2519619600E2C253 /* Release */,
			);
			defaultConfigurationIsVisible = 0;
			defaultConfigurationName = Release;
		};
/* End XCConfigurationList section */
	};
	rootObject = 85E5B84E2519619500E2C253 /* Project object */;
}
